// !$*UTF8*$!
{
	archiveVersion = 1;
	classes = {
	};
	objectVersion = 55;
	objects = {

/* Begin PBXBuildFile section */
		F5115F3B27623FD400BBC190 /* HW5App.swift in Sources */ = {isa = PBXBuildFile; fileRef = F5115F3A27623FD400BBC190 /* HW5App.swift */; };
		F5115F3D27623FD400BBC190 /* mainScreen.swift in Sources */ = {isa = PBXBuildFile; fileRef = F5115F3C27623FD400BBC190 /* mainScreen.swift */; };
		F5115F3F27623FD500BBC190 /* Assets.xcassets in Resources */ = {isa = PBXBuildFile; fileRef = F5115F3E27623FD500BBC190 /* Assets.xcassets */; };
		F5115F4227623FD500BBC190 /* Preview Assets.xcassets in Resources */ = {isa = PBXBuildFile; fileRef = F5115F4127623FD500BBC190 /* Preview Assets.xcassets */; };
		F5115F492762D5DD00BBC190 /* MainView.swift in Sources */ = {isa = PBXBuildFile; fileRef = F5115F482762D5DD00BBC190 /* MainView.swift */; };
		F534A3652763557400074173 /* FS.swift in Sources */ = {isa = PBXBuildFile; fileRef = F534A3642763557300074173 /* FS.swift */; };
		F56C945127637D05005F7B00 /* Settings1.swift in Sources */ = {isa = PBXBuildFile; fileRef = F56C945027637D05005F7B00 /* Settings1.swift */; };
		F56C9455276420C0005F7B00 /* History.swift in Sources */ = {isa = PBXBuildFile; fileRef = F56C9454276420C0005F7B00 /* History.swift */; };
		F56C947327644968005F7B00 /* ContentViewM.swift in Sources */ = {isa = PBXBuildFile; fileRef = F56C947227644968005F7B00 /* ContentViewM.swift */; };
		F5D5066A276321F90093AD72 /* MainView2.swift in Sources */ = {isa = PBXBuildFile; fileRef = F5D50669276321F90093AD72 /* MainView2.swift */; };
		F5D5066C276350760093AD72 /* MainView3.swift in Sources */ = {isa = PBXBuildFile; fileRef = F5D5066B276350760093AD72 /* MainView3.swift */; };
/* End PBXBuildFile section */

/* Begin PBXFileReference section */
		F5115F3727623FD400BBC190 /* HW5.app */ = {isa = PBXFileReference; explicitFileType = wrapper.application; includeInIndex = 0; path = HW5.app; sourceTree = BUILT_PRODUCTS_DIR; };
		F5115F3A27623FD400BBC190 /* HW5App.swift */ = {isa = PBXFileReference; lastKnownFileType = sourcecode.swift; path = HW5App.swift; sourceTree = "<group>"; };
		F5115F3C27623FD400BBC190 /* mainScreen.swift */ = {isa = PBXFileReference; lastKnownFileType = sourcecode.swift; path = mainScreen.swift; sourceTree = "<group>"; };
		F5115F3E27623FD500BBC190 /* Assets.xcassets */ = {isa = PBXFileReference; lastKnownFileType = folder.assetcatalog; path = Assets.xcassets; sourceTree = "<group>"; };
		F5115F4127623FD500BBC190 /* Preview Assets.xcassets */ = {isa = PBXFileReference; lastKnownFileType = folder.assetcatalog; path = "Preview Assets.xcassets"; sourceTree = "<group>"; };
		F5115F482762D5DD00BBC190 /* MainView.swift */ = {isa = PBXFileReference; lastKnownFileType = sourcecode.swift; path = MainView.swift; sourceTree = "<group>"; };
		F534A3642763557300074173 /* FS.swift */ = {isa = PBXFileReference; lastKnownFileType = sourcecode.swift; path = FS.swift; sourceTree = "<group>"; };
		F56C945027637D05005F7B00 /* Settings1.swift */ = {isa = PBXFileReference; lastKnownFileType = sourcecode.swift; path = Settings1.swift; sourceTree = "<group>"; };
		F56C9454276420C0005F7B00 /* History.swift */ = {isa = PBXFileReference; lastKnownFileType = sourcecode.swift; path = History.swift; sourceTree = "<group>"; };
		F56C947227644968005F7B00 /* ContentViewM.swift */ = {isa = PBXFileReference; lastKnownFileType = sourcecode.swift; path = ContentViewM.swift; sourceTree = "<group>"; };
		F5D50669276321F90093AD72 /* MainView2.swift */ = {isa = PBXFileReference; lastKnownFileType = sourcecode.swift; path = MainView2.swift; sourceTree = "<group>"; };
		F5D5066B276350760093AD72 /* MainView3.swift */ = {isa = PBXFileReference; lastKnownFileType = sourcecode.swift; path = MainView3.swift; sourceTree = "<group>"; };
/* End PBXFileReference section */

/* Begin PBXFrameworksBuildPhase section */
		F5115F3427623FD400BBC190 /* Frameworks */ = {
			isa = PBXFrameworksBuildPhase;
			buildActionMask = 2147483647;
			files = (
			);
			runOnlyForDeploymentPostprocessing = 0;
		};
/* End PBXFrameworksBuildPhase section */

/* Begin PBXGroup section */
		F5115F2E27623FD400BBC190 = {
			isa = PBXGroup;
			children = (
				F5115F3927623FD400BBC190 /* HW5 */,
				F5115F3827623FD400BBC190 /* Products */,
			);
			sourceTree = "<group>";
		};
		F5115F3827623FD400BBC190 /* Products */ = {
			isa = PBXGroup;
			children = (
				F5115F3727623FD400BBC190 /* HW5.app */,
			);
			name = Products;
			sourceTree = "<group>";
		};
		F5115F3927623FD400BBC190 /* HW5 */ = {
			isa = PBXGroup;
			children = (
				F5115F3A27623FD400BBC190 /* HW5App.swift */,
				F5115F3C27623FD400BBC190 /* mainScreen.swift */,
				F5115F482762D5DD00BBC190 /* MainView.swift */,
				F5D50669276321F90093AD72 /* MainView2.swift */,
				F5D5066B276350760093AD72 /* MainView3.swift */,
				F534A3642763557300074173 /* FS.swift */,
				F56C945027637D05005F7B00 /* Settings1.swift */,
				F56C9454276420C0005F7B00 /* History.swift */,
				F56C947227644968005F7B00 /* ContentViewM.swift */,
				F5115F3E27623FD500BBC190 /* Assets.xcassets */,
				F5115F4027623FD500BBC190 /* Preview Content */,
			);
			path = HW5;
			sourceTree = "<group>";
		};
		F5115F4027623FD500BBC190 /* Preview Content */ = {
			isa = PBXGroup;
			children = (
				F5115F4127623FD500BBC190 /* Preview Assets.xcassets */,
			);
			path = "Preview Content";
			sourceTree = "<group>";
		};
/* End PBXGroup section */

/* Begin PBXNativeTarget section */
		F5115F3627623FD400BBC190 /* HW5 */ = {
			isa = PBXNativeTarget;
			buildConfigurationList = F5115F4527623FD500BBC190 /* Build configuration list for PBXNativeTarget "HW5" */;
			buildPhases = (
				F5115F3327623FD400BBC190 /* Sources */,
				F5115F3427623FD400BBC190 /* Frameworks */,
				F5115F3527623FD400BBC190 /* Resources */,
			);
			buildRules = (
			);
			dependencies = (
			);
			name = HW5;
			productName = HW5;
			productReference = F5115F3727623FD400BBC190 /* HW5.app */;
			productType = "com.apple.product-type.application";
		};
/* End PBXNativeTarget section */

/* Begin PBXProject section */
		F5115F2F27623FD400BBC190 /* Project object */ = {
			isa = PBXProject;
			attributes = {
				BuildIndependentTargetsInParallel = 1;
				LastSwiftUpdateCheck = 1310;
				LastUpgradeCheck = 1310;
				TargetAttributes = {
					F5115F3627623FD400BBC190 = {
						CreatedOnToolsVersion = 13.1;
					};
				};
			};
			buildConfigurationList = F5115F3227623FD400BBC190 /* Build configuration list for PBXProject "HW5" */;
			compatibilityVersion = "Xcode 13.0";
			developmentRegion = en;
			hasScannedForEncodings = 0;
			knownRegions = (
				en,
				Base,
			);
			mainGroup = F5115F2E27623FD400BBC190;
			productRefGroup = F5115F3827623FD400BBC190 /* Products */;
			projectDirPath = "";
			projectRoot = "";
			targets = (
				F5115F3627623FD400BBC190 /* HW5 */,
			);
		};
/* End PBXProject section */

/* Begin PBXResourcesBuildPhase section */
		F5115F3527623FD400BBC190 /* Resources */ = {
			isa = PBXResourcesBuildPhase;
			buildActionMask = 2147483647;
			files = (
				F5115F4227623FD500BBC190 /* Preview Assets.xcassets in Resources */,
				F5115F3F27623FD500BBC190 /* Assets.xcassets in Resources */,
			);
			runOnlyForDeploymentPostprocessing = 0;
		};
/* End PBXResourcesBuildPhase section */

/* Begin PBXSourcesBuildPhase section */
		F5115F3327623FD400BBC190 /* Sources */ = {
			isa = PBXSourcesBuildPhase;
			buildActionMask = 2147483647;
			files = (
				F5115F492762D5DD00BBC190 /* MainView.swift in Sources */,
				F56C947327644968005F7B00 /* ContentViewM.swift in Sources */,
				F5D5066C276350760093AD72 /* MainView3.swift in Sources */,
				F56C945127637D05005F7B00 /* Settings1.swift in Sources */,
				F56C9455276420C0005F7B00 /* History.swift in Sources */,
				F5115F3D27623FD400BBC190 /* mainScreen.swift in Sources */,
				F5115F3B27623FD400BBC190 /* HW5App.swift in Sources */,
				F534A3652763557400074173 /* FS.swift in Sources */,
				F5D5066A276321F90093AD72 /* MainView2.swift in Sources */,
			);
			runOnlyForDeploymentPostprocessing = 0;
		};
/* End PBXSourcesBuildPhase section */

/* Begin XCBuildConfiguration section */
		F5115F4327623FD500BBC190 /* Debug */ = {
			isa = XCBuildConfiguration;
			buildSettings = {
				ALWAYS_SEARCH_USER_PATHS = NO;
				CLANG_ANALYZER_NONNULL = YES;
				CLANG_ANALYZER_NUMBER_OBJECT_CONVERSION = YES_AGGRESSIVE;
				CLANG_CXX_LANGUAGE_STANDARD = "gnu++17";
				CLANG_CXX_LIBRARY = "libc++";
				CLANG_ENABLE_MODULES = YES;
				CLANG_ENABLE_OBJC_ARC = YES;
				CLANG_ENABLE_OBJC_WEAK = YES;
				CLANG_WARN_BLOCK_CAPTURE_AUTORELEASING = YES;
				CLANG_WARN_BOOL_CONVERSION = YES;
				CLANG_WARN_COMMA = YES;
				CLANG_WARN_CONSTANT_CONVERSION = YES;
				CLANG_WARN_DEPRECATED_OBJC_IMPLEMENTATIONS = YES;
				CLANG_WARN_DIRECT_OBJC_ISA_USAGE = YES_ERROR;
				CLANG_WARN_DOCUMENTATION_COMMENTS = YES;
				CLANG_WARN_EMPTY_BODY = YES;
				CLANG_WARN_ENUM_CONVERSION = YES;
				CLANG_WARN_INFINITE_RECURSION = YES;
				CLANG_WARN_INT_CONVERSION = YES;
				CLANG_WARN_NON_LITERAL_NULL_CONVERSION = YES;
				CLANG_WARN_OBJC_IMPLICIT_RETAIN_SELF = YES;
				CLANG_WARN_OBJC_LITERAL_CONVERSION = YES;
				CLANG_WARN_OBJC_ROOT_CLASS = YES_ERROR;
				CLANG_WARN_QUOTED_INCLUDE_IN_FRAMEWORK_HEADER = YES;
				CLANG_WARN_RANGE_LOOP_ANALYSIS = YES;
				CLANG_WARN_STRICT_PROTOTYPES = YES;
				CLANG_WARN_SUSPICIOUS_MOVE = YES;
				CLANG_WARN_UNGUARDED_AVAILABILITY = YES_AGGRESSIVE;
				CLANG_WARN_UNREACHABLE_CODE = YES;
				CLANG_WARN__DUPLICATE_METHOD_MATCH = YES;
				COPY_PHASE_STRIP = NO;
				DEBUG_INFORMATION_FORMAT = dwarf;
				ENABLE_STRICT_OBJC_MSGSEND = YES;
				ENABLE_TESTABILITY = YES;
				GCC_C_LANGUAGE_STANDARD = gnu11;
				GCC_DYNAMIC_NO_PIC = NO;
				GCC_NO_COMMON_BLOCKS = YES;
				GCC_OPTIMIZATION_LEVEL = 0;
				GCC_PREPROCESSOR_DEFINITIONS = (
					"DEBUG=1",
					"$(inherited)",
				);
				GCC_WARN_64_TO_32_BIT_CONVERSION = YES;
				GCC_WARN_ABOUT_RETURN_TYPE = YES_ERROR;
				GCC_WARN_UNDECLARED_SELECTOR = YES;
				GCC_WARN_UNINITIALIZED_AUTOS = YES_AGGRESSIVE;
				GCC_WARN_UNUSED_FUNCTION = YES;
				GCC_WARN_UNUSED_VARIABLE = YES;
				IPHONEOS_DEPLOYMENT_TARGET = 15.0;
				MTL_ENABLE_DEBUG_INFO = INCLUDE_SOURCE;
				MTL_FAST_MATH = YES;
				ONLY_ACTIVE_ARCH = YES;
				SDKROOT = iphoneos;
				SWIFT_ACTIVE_COMPILATION_CONDITIONS = DEBUG;
				SWIFT_OPTIMIZATION_LEVEL = "-Onone";
			};
			name = Debug;
		};
		F5115F4427623FD500BBC190 /* Release */ = {
			isa = XCBuildConfiguration;
			buildSettings = {
				ALWAYS_SEARCH_USER_PATHS = NO;
				CLANG_ANALYZER_NONNULL = YES;
				CLANG_ANALYZER_NUMBER_OBJECT_CONVERSION = YES_AGGRESSIVE;
				CLANG_CXX_LANGUAGE_STANDARD = "gnu++17";
				CLANG_CXX_LIBRARY = "libc++";
				CLANG_ENABLE_MODULES = YES;
				CLANG_ENABLE_OBJC_ARC = YES;
				CLANG_ENABLE_OBJC_WEAK = YES;
				CLANG_WARN_BLOCK_CAPTURE_AUTORELEASING = YES;
				CLANG_WARN_BOOL_CONVERSION = YES;
				CLANG_WARN_COMMA = YES;
				CLANG_WARN_CONSTANT_CONVERSION = YES;
				CLANG_WARN_DEPRECATED_OBJC_IMPLEMENTATIONS = YES;
				CLANG_WARN_DIRECT_OBJC_ISA_USAGE = YES_ERROR;
				CLANG_WARN_DOCUMENTATION_COMMENTS = YES;
				CLANG_WARN_EMPTY_BODY = YES;
				CLANG_WARN_ENUM_CONVERSION = YES;
				CLANG_WARN_INFINITE_RECURSION = YES;
				CLANG_WARN_INT_CONVERSION = YES;
				CLANG_WARN_NON_LITERAL_NULL_CONVERSION = YES;
				CLANG_WARN_OBJC_IMPLICIT_RETAIN_SELF = YES;
				CLANG_WARN_OBJC_LITERAL_CONVERSION = YES;
				CLANG_WARN_OBJC_ROOT_CLASS = YES_ERROR;
				CLANG_WARN_QUOTED_INCLUDE_IN_FRAMEWORK_HEADER = YES;
				CLANG_WARN_RANGE_LOOP_ANALYSIS = YES;
				CLANG_WARN_STRICT_PROTOTYPES = YES;
				CLANG_WARN_SUSPICIOUS_MOVE = YES;
				CLANG_WARN_UNGUARDED_AVAILABILITY = YES_AGGRESSIVE;
				CLANG_WARN_UNREACHABLE_CODE = YES;
				CLANG_WARN__DUPLICATE_METHOD_MATCH = YES;
				COPY_PHASE_STRIP = NO;
				DEBUG_INFORMATION_FORMAT = "dwarf-with-dsym";
				ENABLE_NS_ASSERTIONS = NO;
				ENABLE_STRICT_OBJC_MSGSEND = YES;
				GCC_C_LANGUAGE_STANDARD = gnu11;
				GCC_NO_COMMON_BLOCKS = YES;
				GCC_WARN_64_TO_32_BIT_CONVERSION = YES;
				GCC_WARN_ABOUT_RETURN_TYPE = YES_ERROR;
				GCC_WARN_UNDECLARED_SELECTOR = YES;
				GCC_WARN_UNINITIALIZED_AUTOS = YES_AGGRESSIVE;
				GCC_WARN_UNUSED_FUNCTION = YES;
				GCC_WARN_UNUSED_VARIABLE = YES;
				IPHONEOS_DEPLOYMENT_TARGET = 15.0;
				MTL_ENABLE_DEBUG_INFO = NO;
				MTL_FAST_MATH = YES;
				SDKROOT = iphoneos;
				SWIFT_COMPILATION_MODE = wholemodule;
				SWIFT_OPTIMIZATION_LEVEL = "-O";
				VALIDATE_PRODUCT = YES;
			};
			name = Release;
		};
		F5115F4627623FD500BBC190 /* Debug */ = {
			isa = XCBuildConfiguration;
			buildSettings = {
				ASSETCATALOG_COMPILER_APPICON_NAME = AppIcon;
				ASSETCATALOG_COMPILER_GLOBAL_ACCENT_COLOR_NAME = AccentColor;
				CODE_SIGN_STYLE = Automatic;
				CURRENT_PROJECT_VERSION = 1;
				DEVELOPMENT_ASSET_PATHS = "\"HW5/Preview Content\"";
				DEVELOPMENT_TEAM = HVCTYH764F;
				ENABLE_PREVIEWS = YES;
				GENERATE_INFOPLIST_FILE = YES;
				INFOPLIST_KEY_UIApplicationSceneManifest_Generation = YES;
				INFOPLIST_KEY_UIApplicationSupportsIndirectInputEvents = YES;
				INFOPLIST_KEY_UILaunchScreen_Generation = YES;
				INFOPLIST_KEY_UISupportedInterfaceOrientations_iPad = "UIInterfaceOrientationPortrait UIInterfaceOrientationPortraitUpsideDown UIInterfaceOrientationLandscapeLeft UIInterfaceOrientationLandscapeRight";
				INFOPLIST_KEY_UISupportedInterfaceOrientations_iPhone = "UIInterfaceOrientationPortrait UIInterfaceOrientationLandscapeLeft UIInterfaceOrientationLandscapeRight";
				LD_RUNPATH_SEARCH_PATHS = (
					"$(inherited)",
					"@executable_path/Frameworks",
				);
				MARKETING_VERSION = 1.0;
				PRODUCT_BUNDLE_IDENTIFIER = "arslan-default-project.HW5";
				PRODUCT_NAME = "$(TARGET_NAME)";
				SWIFT_EMIT_LOC_STRINGS = YES;
				SWIFT_VERSION = 5.0;
				TARGETED_DEVICE_FAMILY = "1,2";
			};
			name = Debug;
		};
		F5115F4727623FD500BBC190 /* Release */ = {
			isa = XCBuildConfiguration;
			buildSettings = {
				ASSETCATALOG_COMPILER_APPICON_NAME = AppIcon;
				ASSETCATALOG_COMPILER_GLOBAL_ACCENT_COLOR_NAME = AccentColor;
				CODE_SIGN_STYLE = Automatic;
				CURRENT_PROJECT_VERSION = 1;
				DEVELOPMENT_ASSET_PATHS = "\"HW5/Preview Content\"";
				DEVELOPMENT_TEAM = HVCTYH764F;
				ENABLE_PREVIEWS = YES;
				GENERATE_INFOPLIST_FILE = YES;
				INFOPLIST_KEY_UIApplicationSceneManifest_Generation = YES;
				INFOPLIST_KEY_UIApplicationSupportsIndirectInputEvents = YES;
				INFOPLIST_KEY_UILaunchScreen_Generation = YES;
				INFOPLIST_KEY_UISupportedInterfaceOrientations_iPad = "UIInterfaceOrientationPortrait UIInterfaceOrientationPortraitUpsideDown UIInterfaceOrientationLandscapeLeft UIInterfaceOrientationLandscapeRight";
				INFOPLIST_KEY_UISupportedInterfaceOrientations_iPhone = "UIInterfaceOrientationPortrait UIInterfaceOrientationLandscapeLeft UIInterfaceOrientationLandscapeRight";
				LD_RUNPATH_SEARCH_PATHS = (
					"$(inherited)",
					"@executable_path/Frameworks",
				);
				MARKETING_VERSION = 1.0;
				PRODUCT_BUNDLE_IDENTIFIER = "arslan-default-project.HW5";
				PRODUCT_NAME = "$(TARGET_NAME)";
				SWIFT_EMIT_LOC_STRINGS = YES;
				SWIFT_VERSION = 5.0;
				TARGETED_DEVICE_FAMILY = "1,2";
			};
			name = Release;
		};
/* End XCBuildConfiguration section */

/* Begin XCConfigurationList section */
		F5115F3227623FD400BBC190 /* Build configuration list for PBXProject "HW5" */ = {
			isa = XCConfigurationList;
			buildConfigurations = (
				F5115F4327623FD500BBC190 /* Debug */,
				F5115F4427623FD500BBC190 /* Release */,
			);
			defaultConfigurationIsVisible = 0;
			defaultConfigurationName = Release;
		};
		F5115F4527623FD500BBC190 /* Build configuration list for PBXNativeTarget "HW5" */ = {
			isa = XCConfigurationList;
			buildConfigurations = (
				F5115F4627623FD500BBC190 /* Debug */,
				F5115F4727623FD500BBC190 /* Release */,
			);
			defaultConfigurationIsVisible = 0;
			defaultConfigurationName = Release;
		};
/* End XCConfigurationList section */
	};
	rootObject = F5115F2F27623FD400BBC190 /* Project object */;
}
